
Microsoft Visual Studio Solution File, Format Version 12.00
# Visual Studio 15
VisualStudioVersion = 15.0.28307.106
MinimumVisualStudioVersion = 10.0.40219.1
Project("{FAE04EC0-301F-11D3-BF4B-00C04F79EFBC}") = "PacmanSimulator", "PacmanSimulator\PacmanSimulator.csproj", "{F6FA7886-01DA-41C4-A577-AC71C4F6B301}"
EndProject
Project("{FAE04EC0-301F-11D3-BF4B-00C04F79EFBC}") = "PacmanStimulatorTest", "PacmanStimulatorTest\PacmanStimulatorTest.csproj", "{8C10F729-54EB-4877-BD15-1C9A383736B1}"
EndProject
Global
	GlobalSection(SolutionConfigurationPlatforms) = preSolution
		Debug|Any CPU = Debug|Any CPU
		Release|Any CPU = Release|Any CPU
	EndGlobalSection
	GlobalSection(ProjectConfigurationPlatforms) = postSolution
		{F6FA7886-01DA-41C4-A577-AC71C4F6B301}.Debug|Any CPU.ActiveCfg = Debug|Any CPU
		{F6FA7886-01DA-41C4-A577-AC71C4F6B301}.Debug|Any CPU.Build.0 = Debug|Any CPU
		{F6FA7886-01DA-41C4-A577-AC71C4F6B301}.Release|Any CPU.ActiveCfg = Release|Any CPU
		{F6FA7886-01DA-41C4-A577-AC71C4F6B301}.Release|Any CPU.Build.0 = Release|Any CPU
		{8C10F729-54EB-4877-BD15-1C9A383736B1}.Debug|Any CPU.ActiveCfg = Debug|Any CPU
		{8C10F729-54EB-4877-BD15-1C9A383736B1}.Debug|Any CPU.Build.0 = Debug|Any CPU
		{8C10F729-54EB-4877-BD15-1C9A383736B1}.Release|Any CPU.ActiveCfg = Release|Any CPU
		{8C10F729-54EB-4877-BD15-1C9A383736B1}.Release|Any CPU.Build.0 = Release|Any CPU
	EndGlobalSection
	GlobalSection(SolutionProperties) = preSolution
		HideSolutionNode = FALSE
	EndGlobalSection
	GlobalSection(ExtensibilityGlobals) = postSolution
		SolutionGuid = {8F67D2CA-0B3D-4744-B4DF-28839CBB76C0}
	EndGlobalSection
EndGlobal
